
Microsoft Visual Studio Solution File, Format Version 12.00
# Visual Studio Version 17
VisualStudioVersion = 17.0.31903.59
MinimumVisualStudioVersion = 10.0.40219.1
Project("{FAE04EC0-301F-11D3-BF4B-00C04F79EFBC}") = "API", "API\API.csproj", "{AE9913D5-124E-4FCC-97DB-19452B4B9DB4}"
EndProject
Project("{FAE04EC0-301F-11D3-BF4B-00C04F79EFBC}") = "Application", "Application\Application.csproj", "{90DCD4DE-F1BC-4AD9-B06B-9CEAC9816942}"
EndProject
Project("{FAE04EC0-301F-11D3-BF4B-00C04F79EFBC}") = "Domain", "Domain\Domain.csproj", "{219D9519-FC98-4799-9401-5D56E6F2BD0D}"
EndProject
Project("{FAE04EC0-301F-11D3-BF4B-00C04F79EFBC}") = "Persistence", "Persistence\Persistence.csproj", "{93B1BDB4-41B2-4C98-AEB2-74DEE8D28E36}"
EndProject
Global
	GlobalSection(SolutionConfigurationPlatforms) = preSolution
		Debug|Any CPU = Debug|Any CPU
		Release|Any CPU = Release|Any CPU
	EndGlobalSection
	GlobalSection(SolutionProperties) = preSolution
		HideSolutionNode = FALSE
	EndGlobalSection
	GlobalSection(ProjectConfigurationPlatforms) = postSolution
		{AE9913D5-124E-4FCC-97DB-19452B4B9DB4}.Debug|Any CPU.ActiveCfg = Debug|Any CPU
		{AE9913D5-124E-4FCC-97DB-19452B4B9DB4}.Debug|Any CPU.Build.0 = Debug|Any CPU
		{AE9913D5-124E-4FCC-97DB-19452B4B9DB4}.Release|Any CPU.ActiveCfg = Release|Any CPU
		{AE9913D5-124E-4FCC-97DB-19452B4B9DB4}.Release|Any CPU.Build.0 = Release|Any CPU
		{90DCD4DE-F1BC-4AD9-B06B-9CEAC9816942}.Debug|Any CPU.ActiveCfg = Debug|Any CPU
		{90DCD4DE-F1BC-4AD9-B06B-9CEAC9816942}.Debug|Any CPU.Build.0 = Debug|Any CPU
		{90DCD4DE-F1BC-4AD9-B06B-9CEAC9816942}.Release|Any CPU.ActiveCfg = Release|Any CPU
		{90DCD4DE-F1BC-4AD9-B06B-9CEAC9816942}.Release|Any CPU.Build.0 = Release|Any CPU
		{219D9519-FC98-4799-9401-5D56E6F2BD0D}.Debug|Any CPU.ActiveCfg = Debug|Any CPU
		{219D9519-FC98-4799-9401-5D56E6F2BD0D}.Debug|Any CPU.Build.0 = Debug|Any CPU
		{219D9519-FC98-4799-9401-5D56E6F2BD0D}.Release|Any CPU.ActiveCfg = Release|Any CPU
		{219D9519-FC98-4799-9401-5D56E6F2BD0D}.Release|Any CPU.Build.0 = Release|Any CPU
		{93B1BDB4-41B2-4C98-AEB2-74DEE8D28E36}.Debug|Any CPU.ActiveCfg = Debug|Any CPU
		{93B1BDB4-41B2-4C98-AEB2-74DEE8D28E36}.Debug|Any CPU.Build.0 = Debug|Any CPU
		{93B1BDB4-41B2-4C98-AEB2-74DEE8D28E36}.Release|Any CPU.ActiveCfg = Release|Any CPU
		{93B1BDB4-41B2-4C98-AEB2-74DEE8D28E36}.Release|Any CPU.Build.0 = Release|Any CPU
	EndGlobalSection
EndGlobal
